
Microsoft Visual Studio Solution File, Format Version 12.00
# Visual Studio Version 17
VisualStudioVersion = 17.14.36109.1 d17.14
MinimumVisualStudioVersion = 10.0.40219.1
Project("{8BC9CEB8-8B4A-11D0-8D11-00A0C91BC942}") = "Memory", "Memory.vcxproj", "{F99BC89B-0A4B-471F-BE72-51179CBA7579}"
EndProject
Global
	GlobalSection(SolutionConfigurationPlatforms) = preSolution
		Debug|x64 = Debug|x64
		Debug|x86 = Debug|x86
		Release|x64 = Release|x64
		Release|x86 = Release|x86
	EndGlobalSection
	GlobalSection(ProjectConfigurationPlatforms) = postSolution
		{F99BC89B-0A4B-471F-BE72-51179CBA7579}.Debug|x64.ActiveCfg = Debug|x64
		{F99BC89B-0A4B-471F-BE72-51179CBA7579}.Debug|x64.Build.0 = Debug|x64
		{F99BC89B-0A4B-471F-BE72-51179CBA7579}.Debug|x86.ActiveCfg = Debug|Win32
		{F99BC89B-0A4B-471F-BE72-51179CBA7579}.Debug|x86.Build.0 = Debug|Win32
		{F99BC89B-0A4B-471F-BE72-51179CBA7579}.Release|x64.ActiveCfg = Release|x64
		{F99BC89B-0A4B-471F-BE72-51179CBA7579}.Release|x64.Build.0 = Release|x64
		{F99BC89B-0A4B-471F-BE72-51179CBA7579}.Release|x86.ActiveCfg = Release|Win32
		{F99BC89B-0A4B-471F-BE72-51179CBA7579}.Release|x86.Build.0 = Release|Win32
	EndGlobalSection
	GlobalSection(SolutionProperties) = preSolution
		HideSolutionNode = FALSE
	EndGlobalSection
	GlobalSection(ExtensibilityGlobals) = postSolution
		SolutionGuid = {300A1246-2101-4072-A4BF-226935266AD7}
	EndGlobalSection
EndGlobal
